
Microsoft Visual Studio Solution File, Format Version 12.00
# Visual Studio 2012
Project("{FAE04EC0-301F-11D3-BF4B-00C04F79EFBC}") = "Shapes", "Shapes\Shapes.csproj", "{08528A53-C5F1-4EDF-BB3B-269D39C84938}"
EndProject
Project("{FAE04EC0-301F-11D3-BF4B-00C04F79EFBC}") = "ShapesDemo", "ShapesDemo\ShapesDemo.csproj", "{453525D0-EEE4-4265-87FA-DB96F0BB52DA}"
EndProject
Project("{FAE04EC0-301F-11D3-BF4B-00C04F79EFBC}") = "BankAccounts", "BankAccounts\BankAccounts.csproj", "{8B93BFB1-A32E-4B15-A790-27D80863E0B0}"
EndProject
Global
	GlobalSection(SolutionConfigurationPlatforms) = preSolution
		Debug|Any CPU = Debug|Any CPU
		Release|Any CPU = Release|Any CPU
	EndGlobalSection
	GlobalSection(ProjectConfigurationPlatforms) = postSolution
		{08528A53-C5F1-4EDF-BB3B-269D39C84938}.Debug|Any CPU.ActiveCfg = Debug|Any CPU
		{08528A53-C5F1-4EDF-BB3B-269D39C84938}.Debug|Any CPU.Build.0 = Debug|Any CPU
		{08528A53-C5F1-4EDF-BB3B-269D39C84938}.Release|Any CPU.ActiveCfg = Release|Any CPU
		{08528A53-C5F1-4EDF-BB3B-269D39C84938}.Release|Any CPU.Build.0 = Release|Any CPU
		{453525D0-EEE4-4265-87FA-DB96F0BB52DA}.Debug|Any CPU.ActiveCfg = Debug|Any CPU
		{453525D0-EEE4-4265-87FA-DB96F0BB52DA}.Debug|Any CPU.Build.0 = Debug|Any CPU
		{453525D0-EEE4-4265-87FA-DB96F0BB52DA}.Release|Any CPU.ActiveCfg = Release|Any CPU
		{453525D0-EEE4-4265-87FA-DB96F0BB52DA}.Release|Any CPU.Build.0 = Release|Any CPU
		{8B93BFB1-A32E-4B15-A790-27D80863E0B0}.Debug|Any CPU.ActiveCfg = Debug|Any CPU
		{8B93BFB1-A32E-4B15-A790-27D80863E0B0}.Debug|Any CPU.Build.0 = Debug|Any CPU
		{8B93BFB1-A32E-4B15-A790-27D80863E0B0}.Release|Any CPU.ActiveCfg = Release|Any CPU
		{8B93BFB1-A32E-4B15-A790-27D80863E0B0}.Release|Any CPU.Build.0 = Release|Any CPU
	EndGlobalSection
	GlobalSection(SolutionProperties) = preSolution
		HideSolutionNode = FALSE
	EndGlobalSection
EndGlobal
