
Microsoft Visual Studio Solution File, Format Version 12.00
# Visual Studio 2012
Project("{FAE04EC0-301F-11D3-BF4B-00C04F79EFBC}") = "Shapes", "Shapes\Shapes.csproj", "{08528A53-C5F1-4EDF-BB3B-269D39C84938}"
EndProject
Project("{FAE04EC0-301F-11D3-BF4B-00C04F79EFBC}") = "ShapesDemo", "ShapesDemo\ShapesDemo.csproj", "{453525D0-EEE4-4265-87FA-DB96F0BB52DA}"
EndProject
Project("{FAE04EC0-301F-11D3-BF4B-00C04F79EFBC}") = "BankAccounts", "BankAccounts\BankAccounts.csproj", "{8B93BFB1-A32E-4B15-A790-27D80863E0B0}"
EndProject
Project("{FAE04EC0-301F-11D3-BF4B-00C04F79EFBC}") = "BankDemo", "BankDemo\BankDemo.csproj", "{D421D899-C413-49D5-8F9E-F8859994783D}"
EndProject
Project("{FAE04EC0-301F-11D3-BF4B-00C04F79EFBC}") = "InvalidRangeException", "InvalidRangeException\InvalidRangeException.csproj", "{A8FA02BF-C568-46DD-8984-EB05CE08E323}"
EndProject
Project("{FAE04EC0-301F-11D3-BF4B-00C04F79EFBC}") = "ApplicationExceptionDemo", "ApplicationExceptionDemo\ApplicationExceptionDemo.csproj", "{31D999C1-6B60-4C91-AD06-698221D4E03B}"
EndProject
Global
	GlobalSection(SolutionConfigurationPlatforms) = preSolution
		Debug|Any CPU = Debug|Any CPU
		Release|Any CPU = Release|Any CPU
	EndGlobalSection
	GlobalSection(ProjectConfigurationPlatforms) = postSolution
		{08528A53-C5F1-4EDF-BB3B-269D39C84938}.Debug|Any CPU.ActiveCfg = Debug|Any CPU
		{08528A53-C5F1-4EDF-BB3B-269D39C84938}.Debug|Any CPU.Build.0 = Debug|Any CPU
		{08528A53-C5F1-4EDF-BB3B-269D39C84938}.Release|Any CPU.ActiveCfg = Release|Any CPU
		{08528A53-C5F1-4EDF-BB3B-269D39C84938}.Release|Any CPU.Build.0 = Release|Any CPU
		{453525D0-EEE4-4265-87FA-DB96F0BB52DA}.Debug|Any CPU.ActiveCfg = Debug|Any CPU
		{453525D0-EEE4-4265-87FA-DB96F0BB52DA}.Debug|Any CPU.Build.0 = Debug|Any CPU
		{453525D0-EEE4-4265-87FA-DB96F0BB52DA}.Release|Any CPU.ActiveCfg = Release|Any CPU
		{453525D0-EEE4-4265-87FA-DB96F0BB52DA}.Release|Any CPU.Build.0 = Release|Any CPU
		{8B93BFB1-A32E-4B15-A790-27D80863E0B0}.Debug|Any CPU.ActiveCfg = Debug|Any CPU
		{8B93BFB1-A32E-4B15-A790-27D80863E0B0}.Debug|Any CPU.Build.0 = Debug|Any CPU
		{8B93BFB1-A32E-4B15-A790-27D80863E0B0}.Release|Any CPU.ActiveCfg = Release|Any CPU
		{8B93BFB1-A32E-4B15-A790-27D80863E0B0}.Release|Any CPU.Build.0 = Release|Any CPU
		{D421D899-C413-49D5-8F9E-F8859994783D}.Debug|Any CPU.ActiveCfg = Debug|Any CPU
		{D421D899-C413-49D5-8F9E-F8859994783D}.Debug|Any CPU.Build.0 = Debug|Any CPU
		{D421D899-C413-49D5-8F9E-F8859994783D}.Release|Any CPU.ActiveCfg = Release|Any CPU
		{D421D899-C413-49D5-8F9E-F8859994783D}.Release|Any CPU.Build.0 = Release|Any CPU
		{A8FA02BF-C568-46DD-8984-EB05CE08E323}.Debug|Any CPU.ActiveCfg = Debug|Any CPU
		{A8FA02BF-C568-46DD-8984-EB05CE08E323}.Debug|Any CPU.Build.0 = Debug|Any CPU
		{A8FA02BF-C568-46DD-8984-EB05CE08E323}.Release|Any CPU.ActiveCfg = Release|Any CPU
		{A8FA02BF-C568-46DD-8984-EB05CE08E323}.Release|Any CPU.Build.0 = Release|Any CPU
		{31D999C1-6B60-4C91-AD06-698221D4E03B}.Debug|Any CPU.ActiveCfg = Debug|Any CPU
		{31D999C1-6B60-4C91-AD06-698221D4E03B}.Debug|Any CPU.Build.0 = Debug|Any CPU
		{31D999C1-6B60-4C91-AD06-698221D4E03B}.Release|Any CPU.ActiveCfg = Release|Any CPU
		{31D999C1-6B60-4C91-AD06-698221D4E03B}.Release|Any CPU.Build.0 = Release|Any CPU
	EndGlobalSection
	GlobalSection(SolutionProperties) = preSolution
		HideSolutionNode = FALSE
	EndGlobalSection
EndGlobal
