
Microsoft Visual Studio Solution File, Format Version 12.00
# Visual Studio 2012
Project("{FAE04EC0-301F-11D3-BF4B-00C04F79EFBC}") = "SecuredMvcWebApi", "SecuredMvcWebApi\SecuredMvcWebApi.csproj", "{C920965D-8FA1-428B-A420-536DBFFCDE9C}"
EndProject
Project("{FAE04EC0-301F-11D3-BF4B-00C04F79EFBC}") = "HttpClientFormsAuthSample.Client", "HttpClientFormsAuthSample.Client\HttpClientFormsAuthSample.Client.csproj", "{7665CB68-0584-46A3-B680-18E627F8573A}"
EndProject
Project("{FAE04EC0-301F-11D3-BF4B-00C04F79EFBC}") = "MyClientAuth", "MyClientAuth\MyClientAuth.csproj", "{045EB043-64E6-4810-9CA8-A5208D51A0A3}"
EndProject
Global
	GlobalSection(SolutionConfigurationPlatforms) = preSolution
		Debug|Any CPU = Debug|Any CPU
		Release|Any CPU = Release|Any CPU
	EndGlobalSection
	GlobalSection(ProjectConfigurationPlatforms) = postSolution
		{C920965D-8FA1-428B-A420-536DBFFCDE9C}.Debug|Any CPU.ActiveCfg = Debug|Any CPU
		{C920965D-8FA1-428B-A420-536DBFFCDE9C}.Debug|Any CPU.Build.0 = Debug|Any CPU
		{C920965D-8FA1-428B-A420-536DBFFCDE9C}.Release|Any CPU.ActiveCfg = Release|Any CPU
		{C920965D-8FA1-428B-A420-536DBFFCDE9C}.Release|Any CPU.Build.0 = Release|Any CPU
		{7665CB68-0584-46A3-B680-18E627F8573A}.Debug|Any CPU.ActiveCfg = Debug|Any CPU
		{7665CB68-0584-46A3-B680-18E627F8573A}.Debug|Any CPU.Build.0 = Debug|Any CPU
		{7665CB68-0584-46A3-B680-18E627F8573A}.Release|Any CPU.ActiveCfg = Release|Any CPU
		{7665CB68-0584-46A3-B680-18E627F8573A}.Release|Any CPU.Build.0 = Release|Any CPU
		{045EB043-64E6-4810-9CA8-A5208D51A0A3}.Debug|Any CPU.ActiveCfg = Debug|Any CPU
		{045EB043-64E6-4810-9CA8-A5208D51A0A3}.Debug|Any CPU.Build.0 = Debug|Any CPU
		{045EB043-64E6-4810-9CA8-A5208D51A0A3}.Release|Any CPU.ActiveCfg = Release|Any CPU
		{045EB043-64E6-4810-9CA8-A5208D51A0A3}.Release|Any CPU.Build.0 = Release|Any CPU
	EndGlobalSection
	GlobalSection(SolutionProperties) = preSolution
		HideSolutionNode = FALSE
	EndGlobalSection
EndGlobal
