
Microsoft Visual Studio Solution File, Format Version 12.00
# Visual Studio 2012
Project("{FAE04EC0-301F-11D3-BF4B-00C04F79EFBC}") = "01.NorthwindModel", "01.NorthwindModel\01.NorthwindModel.csproj", "{ED943B63-5741-4296-8BF7-227DE2F9A567}"
EndProject
Project("{FAE04EC0-301F-11D3-BF4B-00C04F79EFBC}") = "02.ImpplementingInsertDeleteUpdateMethods", "02.ImpplementingInsertDeleteUpdateMethods\02.ImpplementingInsertDeleteUpdateMethods.csproj", "{BDE1D15D-A2C1-48AE-A5F1-5CEF4EEECB0E}"
EndProject
Project("{FAE04EC0-301F-11D3-BF4B-00C04F79EFBC}") = "03.SelectOrders", "02.SelectOrders\03.SelectOrders.csproj", "{5C9C4753-005F-4504-AECE-AD72A38DB92F}"
EndProject
Project("{FAE04EC0-301F-11D3-BF4B-00C04F79EFBC}") = "04.SelectOrderWithSQLQuery", "04.SelectOrderWithSQLQuery\04.SelectOrderWithSQLQuery.csproj", "{CBF3E773-ED15-4422-B717-E094F9FF10DB}"
EndProject
Project("{FAE04EC0-301F-11D3-BF4B-00C04F79EFBC}") = "05.SalesByRegionAndPeriod", "05.SalesByRegionAndPeriod\05.SalesByRegionAndPeriod.csproj", "{9CF92FC9-713F-47D8-9905-9485CA5684B9}"
EndProject
Project("{FAE04EC0-301F-11D3-BF4B-00C04F79EFBC}") = "06.CopyNorthwindDatabase", "06.CopyNorthwindDatabase\06.CopyNorthwindDatabase.csproj", "{3084AA34-4D51-4F7D-AD52-292FC0978BB1}"
EndProject
Project("{FAE04EC0-301F-11D3-BF4B-00C04F79EFBC}") = "07.ConcurentChanges", "07.ConcurentChanges\07.ConcurentChanges.csproj", "{232E72C1-D082-40E7-99D7-9867E3600561}"
EndProject
Project("{FAE04EC0-301F-11D3-BF4B-00C04F79EFBC}") = "08.EmployeeTeritories", "08.EmployeesTeritories\08.EmployeeTeritories.csproj", "{EEDD7311-213F-4B53-BB45-6D507841360D}"
EndProject
Project("{FAE04EC0-301F-11D3-BF4B-00C04F79EFBC}") = "09.CreateNewOrder", "09.CreateNewOrder\09.CreateNewOrder.csproj", "{1E3A6254-5333-4ECD-A601-49F6CEBF505D}"
EndProject
Global
	GlobalSection(SolutionConfigurationPlatforms) = preSolution
		Debug|Any CPU = Debug|Any CPU
		Release|Any CPU = Release|Any CPU
	EndGlobalSection
	GlobalSection(ProjectConfigurationPlatforms) = postSolution
		{ED943B63-5741-4296-8BF7-227DE2F9A567}.Debug|Any CPU.ActiveCfg = Debug|Any CPU
		{ED943B63-5741-4296-8BF7-227DE2F9A567}.Debug|Any CPU.Build.0 = Debug|Any CPU
		{ED943B63-5741-4296-8BF7-227DE2F9A567}.Release|Any CPU.ActiveCfg = Release|Any CPU
		{ED943B63-5741-4296-8BF7-227DE2F9A567}.Release|Any CPU.Build.0 = Release|Any CPU
		{BDE1D15D-A2C1-48AE-A5F1-5CEF4EEECB0E}.Debug|Any CPU.ActiveCfg = Debug|Any CPU
		{BDE1D15D-A2C1-48AE-A5F1-5CEF4EEECB0E}.Debug|Any CPU.Build.0 = Debug|Any CPU
		{BDE1D15D-A2C1-48AE-A5F1-5CEF4EEECB0E}.Release|Any CPU.ActiveCfg = Release|Any CPU
		{BDE1D15D-A2C1-48AE-A5F1-5CEF4EEECB0E}.Release|Any CPU.Build.0 = Release|Any CPU
		{5C9C4753-005F-4504-AECE-AD72A38DB92F}.Debug|Any CPU.ActiveCfg = Debug|Any CPU
		{5C9C4753-005F-4504-AECE-AD72A38DB92F}.Debug|Any CPU.Build.0 = Debug|Any CPU
		{5C9C4753-005F-4504-AECE-AD72A38DB92F}.Release|Any CPU.ActiveCfg = Release|Any CPU
		{5C9C4753-005F-4504-AECE-AD72A38DB92F}.Release|Any CPU.Build.0 = Release|Any CPU
		{CBF3E773-ED15-4422-B717-E094F9FF10DB}.Debug|Any CPU.ActiveCfg = Debug|Any CPU
		{CBF3E773-ED15-4422-B717-E094F9FF10DB}.Debug|Any CPU.Build.0 = Debug|Any CPU
		{CBF3E773-ED15-4422-B717-E094F9FF10DB}.Release|Any CPU.ActiveCfg = Release|Any CPU
		{CBF3E773-ED15-4422-B717-E094F9FF10DB}.Release|Any CPU.Build.0 = Release|Any CPU
		{9CF92FC9-713F-47D8-9905-9485CA5684B9}.Debug|Any CPU.ActiveCfg = Debug|Any CPU
		{9CF92FC9-713F-47D8-9905-9485CA5684B9}.Debug|Any CPU.Build.0 = Debug|Any CPU
		{9CF92FC9-713F-47D8-9905-9485CA5684B9}.Release|Any CPU.ActiveCfg = Release|Any CPU
		{9CF92FC9-713F-47D8-9905-9485CA5684B9}.Release|Any CPU.Build.0 = Release|Any CPU
		{3084AA34-4D51-4F7D-AD52-292FC0978BB1}.Debug|Any CPU.ActiveCfg = Debug|Any CPU
		{3084AA34-4D51-4F7D-AD52-292FC0978BB1}.Debug|Any CPU.Build.0 = Debug|Any CPU
		{3084AA34-4D51-4F7D-AD52-292FC0978BB1}.Release|Any CPU.ActiveCfg = Release|Any CPU
		{3084AA34-4D51-4F7D-AD52-292FC0978BB1}.Release|Any CPU.Build.0 = Release|Any CPU
		{232E72C1-D082-40E7-99D7-9867E3600561}.Debug|Any CPU.ActiveCfg = Debug|Any CPU
		{232E72C1-D082-40E7-99D7-9867E3600561}.Debug|Any CPU.Build.0 = Debug|Any CPU
		{232E72C1-D082-40E7-99D7-9867E3600561}.Release|Any CPU.ActiveCfg = Release|Any CPU
		{232E72C1-D082-40E7-99D7-9867E3600561}.Release|Any CPU.Build.0 = Release|Any CPU
		{EEDD7311-213F-4B53-BB45-6D507841360D}.Debug|Any CPU.ActiveCfg = Debug|Any CPU
		{EEDD7311-213F-4B53-BB45-6D507841360D}.Debug|Any CPU.Build.0 = Debug|Any CPU
		{EEDD7311-213F-4B53-BB45-6D507841360D}.Release|Any CPU.ActiveCfg = Release|Any CPU
		{EEDD7311-213F-4B53-BB45-6D507841360D}.Release|Any CPU.Build.0 = Release|Any CPU
		{1E3A6254-5333-4ECD-A601-49F6CEBF505D}.Debug|Any CPU.ActiveCfg = Debug|Any CPU
		{1E3A6254-5333-4ECD-A601-49F6CEBF505D}.Debug|Any CPU.Build.0 = Debug|Any CPU
		{1E3A6254-5333-4ECD-A601-49F6CEBF505D}.Release|Any CPU.ActiveCfg = Release|Any CPU
		{1E3A6254-5333-4ECD-A601-49F6CEBF505D}.Release|Any CPU.Build.0 = Release|Any CPU
	EndGlobalSection
	GlobalSection(SolutionProperties) = preSolution
		HideSolutionNode = FALSE
	EndGlobalSection
EndGlobal
