
Microsoft Visual Studio Solution File, Format Version 12.00
# Visual Studio 2012
Project("{FAE04EC0-301F-11D3-BF4B-00C04F79EFBC}") = "Space3D.Common", "Space3D.Common\Space3D.Common.csproj", "{0054512B-ED72-4C06-84D9-0B4B4E8C5B73}"
EndProject
Project("{FAE04EC0-301F-11D3-BF4B-00C04F79EFBC}") = "TestPathStorage", "TestPathStorage\TestPathStorage.csproj", "{7BC839B8-B194-4E46-AEE8-0F8C7B347779}"
EndProject
Global
	GlobalSection(SolutionConfigurationPlatforms) = preSolution
		Debug|Any CPU = Debug|Any CPU
		Release|Any CPU = Release|Any CPU
	EndGlobalSection
	GlobalSection(ProjectConfigurationPlatforms) = postSolution
		{0054512B-ED72-4C06-84D9-0B4B4E8C5B73}.Debug|Any CPU.ActiveCfg = Debug|Any CPU
		{0054512B-ED72-4C06-84D9-0B4B4E8C5B73}.Debug|Any CPU.Build.0 = Debug|Any CPU
		{0054512B-ED72-4C06-84D9-0B4B4E8C5B73}.Release|Any CPU.ActiveCfg = Release|Any CPU
		{0054512B-ED72-4C06-84D9-0B4B4E8C5B73}.Release|Any CPU.Build.0 = Release|Any CPU
		{7BC839B8-B194-4E46-AEE8-0F8C7B347779}.Debug|Any CPU.ActiveCfg = Debug|Any CPU
		{7BC839B8-B194-4E46-AEE8-0F8C7B347779}.Debug|Any CPU.Build.0 = Debug|Any CPU
		{7BC839B8-B194-4E46-AEE8-0F8C7B347779}.Release|Any CPU.ActiveCfg = Release|Any CPU
		{7BC839B8-B194-4E46-AEE8-0F8C7B347779}.Release|Any CPU.Build.0 = Release|Any CPU
	EndGlobalSection
	GlobalSection(SolutionProperties) = preSolution
		HideSolutionNode = FALSE
	EndGlobalSection
EndGlobal
