
Microsoft Visual Studio Solution File, Format Version 12.00
# Visual Studio 2012
Project("{FAE04EC0-301F-11D3-BF4B-00C04F79EFBC}") = "01.SortTwoIntegers", "01.SortTwoIntegers\01.SortTwoIntegers.csproj", "{D69E6053-3E58-4519-921A-3C296ECADEDF}"
EndProject
Project("{FAE04EC0-301F-11D3-BF4B-00C04F79EFBC}") = "02.SignOfProductOfTree", "..\02.SignOfProductOfTree\02.SignOfProductOfTree.csproj", "{1B00426D-0CA9-4470-91D7-6EDF32684BAE}"
EndProject
Project("{FAE04EC0-301F-11D3-BF4B-00C04F79EFBC}") = "03.FindBiggestFromThree", "..\03.FindBiggestFromThree\03.FindBiggestFromThree.csproj", "{765F47CA-64C6-4B17-B4DF-4AAC0D7B2A2C}"
EndProject
Project("{FAE04EC0-301F-11D3-BF4B-00C04F79EFBC}") = "04.SortThreeRealNumbersDescending", "..\04.SortThreeRealNumbersDescending\04.SortThreeRealNumbersDescending.csproj", "{9746D63A-586F-48B6-8EF9-84F5F2FD339B}"
EndProject
Project("{FAE04EC0-301F-11D3-BF4B-00C04F79EFBC}") = "05.NameOfTheDigit", "..\05.NameOfTheDigit\05.NameOfTheDigit.csproj", "{99C956C0-2271-42E9-B76C-067FB3701579}"
EndProject
Project("{E24C65DC-7377-472B-9ABA-BC803B73C61A}") = "06.QuadraticEquation", "..\06.QuadraticEquation\", "{7D57C383-E38D-4F4D-B6DA-9F3445EED91D}"
	ProjectSection(WebsiteProperties) = preProject
		TargetFrameworkMoniker = ".NETFramework,Version%3Dv4.5"
		Debug.AspNetCompiler.VirtualPath = "/06.QuadraticEquation"
		Debug.AspNetCompiler.PhysicalPath = "..\06.QuadraticEquation\"
		Debug.AspNetCompiler.TargetPath = "PrecompiledWeb\06.QuadraticEquation\"
		Debug.AspNetCompiler.Updateable = "true"
		Debug.AspNetCompiler.ForceOverwrite = "true"
		Debug.AspNetCompiler.FixedNames = "false"
		Debug.AspNetCompiler.Debug = "True"
		Release.AspNetCompiler.VirtualPath = "/06.QuadraticEquation"
		Release.AspNetCompiler.PhysicalPath = "..\06.QuadraticEquation\"
		Release.AspNetCompiler.TargetPath = "PrecompiledWeb\06.QuadraticEquation\"
		Release.AspNetCompiler.Updateable = "true"
		Release.AspNetCompiler.ForceOverwrite = "true"
		Release.AspNetCompiler.FixedNames = "false"
		Release.AspNetCompiler.Debug = "False"
		VWDPort = "50706"
	EndProjectSection
EndProject
Project("{E24C65DC-7377-472B-9ABA-BC803B73C61A}") = "07.GreatestOfFiveDigits", "..\07.GreatestOfFiveDigits\", "{97D1E639-795D-4E70-BA26-8C9BED3B4C0C}"
	ProjectSection(WebsiteProperties) = preProject
		TargetFrameworkMoniker = ".NETFramework,Version%3Dv4.5"
		Debug.AspNetCompiler.VirtualPath = "/07.GreatestOfFiveDigits"
		Debug.AspNetCompiler.PhysicalPath = "..\07.GreatestOfFiveDigits\"
		Debug.AspNetCompiler.TargetPath = "PrecompiledWeb\07.GreatestOfFiveDigits\"
		Debug.AspNetCompiler.Updateable = "true"
		Debug.AspNetCompiler.ForceOverwrite = "true"
		Debug.AspNetCompiler.FixedNames = "false"
		Debug.AspNetCompiler.Debug = "True"
		Release.AspNetCompiler.VirtualPath = "/07.GreatestOfFiveDigits"
		Release.AspNetCompiler.PhysicalPath = "..\07.GreatestOfFiveDigits\"
		Release.AspNetCompiler.TargetPath = "PrecompiledWeb\07.GreatestOfFiveDigits\"
		Release.AspNetCompiler.Updateable = "true"
		Release.AspNetCompiler.ForceOverwrite = "true"
		Release.AspNetCompiler.FixedNames = "false"
		Release.AspNetCompiler.Debug = "False"
		VWDPort = "50720"
	EndProjectSection
EndProject
Project("{FAE04EC0-301F-11D3-BF4B-00C04F79EFBC}") = "08.NameTheNumber", "08.NameTheNumber\08.NameTheNumber.csproj", "{E784560A-6E0A-4924-963A-6C4DFA3ADDFE}"
EndProject
Global
	GlobalSection(SolutionConfigurationPlatforms) = preSolution
		Debug|Any CPU = Debug|Any CPU
		Release|Any CPU = Release|Any CPU
	EndGlobalSection
	GlobalSection(ProjectConfigurationPlatforms) = postSolution
		{D69E6053-3E58-4519-921A-3C296ECADEDF}.Debug|Any CPU.ActiveCfg = Debug|Any CPU
		{D69E6053-3E58-4519-921A-3C296ECADEDF}.Debug|Any CPU.Build.0 = Debug|Any CPU
		{D69E6053-3E58-4519-921A-3C296ECADEDF}.Release|Any CPU.ActiveCfg = Release|Any CPU
		{D69E6053-3E58-4519-921A-3C296ECADEDF}.Release|Any CPU.Build.0 = Release|Any CPU
		{1B00426D-0CA9-4470-91D7-6EDF32684BAE}.Debug|Any CPU.ActiveCfg = Debug|Any CPU
		{1B00426D-0CA9-4470-91D7-6EDF32684BAE}.Debug|Any CPU.Build.0 = Debug|Any CPU
		{1B00426D-0CA9-4470-91D7-6EDF32684BAE}.Release|Any CPU.ActiveCfg = Release|Any CPU
		{1B00426D-0CA9-4470-91D7-6EDF32684BAE}.Release|Any CPU.Build.0 = Release|Any CPU
		{765F47CA-64C6-4B17-B4DF-4AAC0D7B2A2C}.Debug|Any CPU.ActiveCfg = Debug|Any CPU
		{765F47CA-64C6-4B17-B4DF-4AAC0D7B2A2C}.Debug|Any CPU.Build.0 = Debug|Any CPU
		{765F47CA-64C6-4B17-B4DF-4AAC0D7B2A2C}.Release|Any CPU.ActiveCfg = Release|Any CPU
		{765F47CA-64C6-4B17-B4DF-4AAC0D7B2A2C}.Release|Any CPU.Build.0 = Release|Any CPU
		{9746D63A-586F-48B6-8EF9-84F5F2FD339B}.Debug|Any CPU.ActiveCfg = Debug|Any CPU
		{9746D63A-586F-48B6-8EF9-84F5F2FD339B}.Debug|Any CPU.Build.0 = Debug|Any CPU
		{9746D63A-586F-48B6-8EF9-84F5F2FD339B}.Release|Any CPU.ActiveCfg = Release|Any CPU
		{9746D63A-586F-48B6-8EF9-84F5F2FD339B}.Release|Any CPU.Build.0 = Release|Any CPU
		{99C956C0-2271-42E9-B76C-067FB3701579}.Debug|Any CPU.ActiveCfg = Debug|Any CPU
		{99C956C0-2271-42E9-B76C-067FB3701579}.Debug|Any CPU.Build.0 = Debug|Any CPU
		{99C956C0-2271-42E9-B76C-067FB3701579}.Release|Any CPU.ActiveCfg = Release|Any CPU
		{99C956C0-2271-42E9-B76C-067FB3701579}.Release|Any CPU.Build.0 = Release|Any CPU
		{7D57C383-E38D-4F4D-B6DA-9F3445EED91D}.Debug|Any CPU.ActiveCfg = Debug|Any CPU
		{7D57C383-E38D-4F4D-B6DA-9F3445EED91D}.Debug|Any CPU.Build.0 = Debug|Any CPU
		{7D57C383-E38D-4F4D-B6DA-9F3445EED91D}.Release|Any CPU.ActiveCfg = Debug|Any CPU
		{7D57C383-E38D-4F4D-B6DA-9F3445EED91D}.Release|Any CPU.Build.0 = Debug|Any CPU
		{97D1E639-795D-4E70-BA26-8C9BED3B4C0C}.Debug|Any CPU.ActiveCfg = Debug|Any CPU
		{97D1E639-795D-4E70-BA26-8C9BED3B4C0C}.Debug|Any CPU.Build.0 = Debug|Any CPU
		{97D1E639-795D-4E70-BA26-8C9BED3B4C0C}.Release|Any CPU.ActiveCfg = Debug|Any CPU
		{97D1E639-795D-4E70-BA26-8C9BED3B4C0C}.Release|Any CPU.Build.0 = Debug|Any CPU
		{E784560A-6E0A-4924-963A-6C4DFA3ADDFE}.Debug|Any CPU.ActiveCfg = Debug|Any CPU
		{E784560A-6E0A-4924-963A-6C4DFA3ADDFE}.Debug|Any CPU.Build.0 = Debug|Any CPU
		{E784560A-6E0A-4924-963A-6C4DFA3ADDFE}.Release|Any CPU.ActiveCfg = Release|Any CPU
		{E784560A-6E0A-4924-963A-6C4DFA3ADDFE}.Release|Any CPU.Build.0 = Release|Any CPU
	EndGlobalSection
	GlobalSection(SolutionProperties) = preSolution
		HideSolutionNode = FALSE
	EndGlobalSection
EndGlobal
