
Microsoft Visual Studio Solution File, Format Version 12.00
# Visual Studio 2013
VisualStudioVersion = 12.0.30501.0
MinimumVisualStudioVersion = 10.0.40219.1
Project("{FAE04EC0-301F-11D3-BF4B-00C04F79EFBC}") = "01.ChangingFontSize", "01.ChangingFontSize\01.ChangingFontSize.csproj", "{ACDF46E3-45B9-4655-813D-A2566EA8F080}"
EndProject
Project("{FAE04EC0-301F-11D3-BF4B-00C04F79EFBC}") = "03.DrivePropertiesOfTextBlock", "03.DrivePropertiesOfTextBlock\03.DrivePropertiesOfTextBlock.csproj", "{A89EFFF0-C666-48A9-A833-99F22418BD86}"
EndProject
Project("{FAE04EC0-301F-11D3-BF4B-00C04F79EFBC}") = "04.PersonAgeValidation", "04.PersonAgeValidation\04.PersonAgeValidation.csproj", "{08496812-1C2F-48D6-A9A5-D3A85E8E38B5}"
EndProject
Global
	GlobalSection(SolutionConfigurationPlatforms) = preSolution
		Debug|Any CPU = Debug|Any CPU
		Release|Any CPU = Release|Any CPU
	EndGlobalSection
	GlobalSection(ProjectConfigurationPlatforms) = postSolution
		{ACDF46E3-45B9-4655-813D-A2566EA8F080}.Debug|Any CPU.ActiveCfg = Debug|Any CPU
		{ACDF46E3-45B9-4655-813D-A2566EA8F080}.Debug|Any CPU.Build.0 = Debug|Any CPU
		{ACDF46E3-45B9-4655-813D-A2566EA8F080}.Release|Any CPU.ActiveCfg = Release|Any CPU
		{ACDF46E3-45B9-4655-813D-A2566EA8F080}.Release|Any CPU.Build.0 = Release|Any CPU
		{A89EFFF0-C666-48A9-A833-99F22418BD86}.Debug|Any CPU.ActiveCfg = Debug|Any CPU
		{A89EFFF0-C666-48A9-A833-99F22418BD86}.Debug|Any CPU.Build.0 = Debug|Any CPU
		{A89EFFF0-C666-48A9-A833-99F22418BD86}.Release|Any CPU.ActiveCfg = Release|Any CPU
		{A89EFFF0-C666-48A9-A833-99F22418BD86}.Release|Any CPU.Build.0 = Release|Any CPU
		{08496812-1C2F-48D6-A9A5-D3A85E8E38B5}.Debug|Any CPU.ActiveCfg = Debug|Any CPU
		{08496812-1C2F-48D6-A9A5-D3A85E8E38B5}.Debug|Any CPU.Build.0 = Debug|Any CPU
		{08496812-1C2F-48D6-A9A5-D3A85E8E38B5}.Release|Any CPU.ActiveCfg = Release|Any CPU
		{08496812-1C2F-48D6-A9A5-D3A85E8E38B5}.Release|Any CPU.Build.0 = Release|Any CPU
	EndGlobalSection
	GlobalSection(SolutionProperties) = preSolution
		HideSolutionNode = FALSE
	EndGlobalSection
EndGlobal
