
Microsoft Visual Studio Solution File, Format Version 12.00
# Visual Studio 2012
Project("{FAE04EC0-301F-11D3-BF4B-00C04F79EFBC}") = "MusicLibraryWebApi", "MusicLibraryWebApi\MusicLibraryWebApi.csproj", "{38C7B378-52D4-4EE1-8C44-C0C2CD71A972}"
EndProject
Project("{FAE04EC0-301F-11D3-BF4B-00C04F79EFBC}") = "MusicLibrary.Models", "MusicLibrary.Models\MusicLibrary.Models.csproj", "{D4D13409-4E70-43E3-97C5-195EBEAC3046}"
EndProject
Project("{FAE04EC0-301F-11D3-BF4B-00C04F79EFBC}") = "MusicLibrary.Data", "MusicLibrary.Data\MusicLibrary.Data.csproj", "{21114737-F4CE-43BA-9E63-59D7C98AA5EA}"
EndProject
Project("{FAE04EC0-301F-11D3-BF4B-00C04F79EFBC}") = "MusicLibrary.ConsoleTest", "MusicLibrary.ConsoleTest\MusicLibrary.ConsoleTest.csproj", "{7D6D8D5F-A697-4472-AA95-8F69686A0C3E}"
EndProject
Global
	GlobalSection(SolutionConfigurationPlatforms) = preSolution
		Debug|Any CPU = Debug|Any CPU
		Release|Any CPU = Release|Any CPU
	EndGlobalSection
	GlobalSection(ProjectConfigurationPlatforms) = postSolution
		{38C7B378-52D4-4EE1-8C44-C0C2CD71A972}.Debug|Any CPU.ActiveCfg = Debug|Any CPU
		{38C7B378-52D4-4EE1-8C44-C0C2CD71A972}.Debug|Any CPU.Build.0 = Debug|Any CPU
		{38C7B378-52D4-4EE1-8C44-C0C2CD71A972}.Release|Any CPU.ActiveCfg = Release|Any CPU
		{38C7B378-52D4-4EE1-8C44-C0C2CD71A972}.Release|Any CPU.Build.0 = Release|Any CPU
		{D4D13409-4E70-43E3-97C5-195EBEAC3046}.Debug|Any CPU.ActiveCfg = Debug|Any CPU
		{D4D13409-4E70-43E3-97C5-195EBEAC3046}.Debug|Any CPU.Build.0 = Debug|Any CPU
		{D4D13409-4E70-43E3-97C5-195EBEAC3046}.Release|Any CPU.ActiveCfg = Release|Any CPU
		{D4D13409-4E70-43E3-97C5-195EBEAC3046}.Release|Any CPU.Build.0 = Release|Any CPU
		{21114737-F4CE-43BA-9E63-59D7C98AA5EA}.Debug|Any CPU.ActiveCfg = Debug|Any CPU
		{21114737-F4CE-43BA-9E63-59D7C98AA5EA}.Debug|Any CPU.Build.0 = Debug|Any CPU
		{21114737-F4CE-43BA-9E63-59D7C98AA5EA}.Release|Any CPU.ActiveCfg = Release|Any CPU
		{21114737-F4CE-43BA-9E63-59D7C98AA5EA}.Release|Any CPU.Build.0 = Release|Any CPU
		{7D6D8D5F-A697-4472-AA95-8F69686A0C3E}.Debug|Any CPU.ActiveCfg = Debug|Any CPU
		{7D6D8D5F-A697-4472-AA95-8F69686A0C3E}.Debug|Any CPU.Build.0 = Debug|Any CPU
		{7D6D8D5F-A697-4472-AA95-8F69686A0C3E}.Release|Any CPU.ActiveCfg = Release|Any CPU
		{7D6D8D5F-A697-4472-AA95-8F69686A0C3E}.Release|Any CPU.Build.0 = Release|Any CPU
	EndGlobalSection
	GlobalSection(SolutionProperties) = preSolution
		HideSolutionNode = FALSE
	EndGlobalSection
EndGlobal
