
Microsoft Visual Studio Solution File, Format Version 12.00
# Visual Studio 2012
Project("{FAE04EC0-301F-11D3-BF4B-00C04F79EFBC}") = "1. Setters", "Setters\1. Setters.csproj", "{66991E48-CDF7-485B-A87F-2D653079D5A5}"
EndProject
Project("{FAE04EC0-301F-11D3-BF4B-00C04F79EFBC}") = "2. Inline-External-Styles", "Inline-External-Styles\2. Inline-External-Styles.csproj", "{C13F1D06-34E3-49F4-BC4C-C7399F746E4F}"
EndProject
Global
	GlobalSection(SolutionConfigurationPlatforms) = preSolution
		Debug|Any CPU = Debug|Any CPU
		Release|Any CPU = Release|Any CPU
	EndGlobalSection
	GlobalSection(ProjectConfigurationPlatforms) = postSolution
		{66991E48-CDF7-485B-A87F-2D653079D5A5}.Debug|Any CPU.ActiveCfg = Debug|Any CPU
		{66991E48-CDF7-485B-A87F-2D653079D5A5}.Debug|Any CPU.Build.0 = Debug|Any CPU
		{66991E48-CDF7-485B-A87F-2D653079D5A5}.Release|Any CPU.ActiveCfg = Release|Any CPU
		{66991E48-CDF7-485B-A87F-2D653079D5A5}.Release|Any CPU.Build.0 = Release|Any CPU
		{C13F1D06-34E3-49F4-BC4C-C7399F746E4F}.Debug|Any CPU.ActiveCfg = Debug|Any CPU
		{C13F1D06-34E3-49F4-BC4C-C7399F746E4F}.Debug|Any CPU.Build.0 = Debug|Any CPU
		{C13F1D06-34E3-49F4-BC4C-C7399F746E4F}.Release|Any CPU.ActiveCfg = Release|Any CPU
		{C13F1D06-34E3-49F4-BC4C-C7399F746E4F}.Release|Any CPU.Build.0 = Release|Any CPU
	EndGlobalSection
	GlobalSection(SolutionProperties) = preSolution
		HideSolutionNode = FALSE
	EndGlobalSection
EndGlobal
