
Microsoft Visual Studio Solution File, Format Version 12.00
# Visual Studio 2013
VisualStudioVersion = 12.0.30501.0
MinimumVisualStudioVersion = 10.0.40219.1
Project("{FAE04EC0-301F-11D3-BF4B-00C04F79EFBC}") = "WPFCalculator", "WPFCalculator\WPFCalculator.csproj", "{119D5D54-8D26-46FB-BFD4-5E4C81B3FF8D}"
EndProject
Project("{FAE04EC0-301F-11D3-BF4B-00C04F79EFBC}") = "WPFCalculator.Models", "WPFCalculator.Models\WPFCalculator.Models.csproj", "{5C7726BC-8E12-4367-97BD-3FE90E33E442}"
EndProject
Global
	GlobalSection(SolutionConfigurationPlatforms) = preSolution
		Debug|Any CPU = Debug|Any CPU
		Release|Any CPU = Release|Any CPU
	EndGlobalSection
	GlobalSection(ProjectConfigurationPlatforms) = postSolution
		{119D5D54-8D26-46FB-BFD4-5E4C81B3FF8D}.Debug|Any CPU.ActiveCfg = Debug|Any CPU
		{119D5D54-8D26-46FB-BFD4-5E4C81B3FF8D}.Debug|Any CPU.Build.0 = Debug|Any CPU
		{119D5D54-8D26-46FB-BFD4-5E4C81B3FF8D}.Release|Any CPU.ActiveCfg = Release|Any CPU
		{119D5D54-8D26-46FB-BFD4-5E4C81B3FF8D}.Release|Any CPU.Build.0 = Release|Any CPU
		{5C7726BC-8E12-4367-97BD-3FE90E33E442}.Debug|Any CPU.ActiveCfg = Debug|Any CPU
		{5C7726BC-8E12-4367-97BD-3FE90E33E442}.Debug|Any CPU.Build.0 = Debug|Any CPU
		{5C7726BC-8E12-4367-97BD-3FE90E33E442}.Release|Any CPU.ActiveCfg = Release|Any CPU
		{5C7726BC-8E12-4367-97BD-3FE90E33E442}.Release|Any CPU.Build.0 = Release|Any CPU
	EndGlobalSection
	GlobalSection(SolutionProperties) = preSolution
		HideSolutionNode = FALSE
	EndGlobalSection
EndGlobal
