
Microsoft Visual Studio Solution File, Format Version 12.00
# Visual Studio 2013
VisualStudioVersion = 12.0.30110.0
MinimumVisualStudioVersion = 10.0.40219.1
Project("{FAE04EC0-301F-11D3-BF4B-00C04F79EFBC}") = "CarShop", "CarShop\CarShop.csproj", "{06F16650-D3BC-4F91-AED8-E69DD0CDD03B}"
EndProject
Project("{FAE04EC0-301F-11D3-BF4B-00C04F79EFBC}") = "EmployeesList", "EmployeesList\EmployeesList.csproj", "{DCBE7DD0-CE9A-49F3-9171-F96271DE227B}"
EndProject
Project("{FAE04EC0-301F-11D3-BF4B-00C04F79EFBC}") = "EmployeesFormview", "EmployeesFormview\EmployeesFormview.csproj", "{25DB6EA7-8ED1-4428-BC22-FB01EF7163A5}"
EndProject
Project("{FAE04EC0-301F-11D3-BF4B-00C04F79EFBC}") = "EmployeesRepeater", "EmployeesRepeater\EmployeesRepeater.csproj", "{4C612245-E4ED-4E26-BA63-6873F7FAE1CF}"
EndProject
Project("{FAE04EC0-301F-11D3-BF4B-00C04F79EFBC}") = "6. DisplayXmlUsingTreeView", "DisplayXmlUsingTreeView\6. DisplayXmlUsingTreeView.csproj", "{3BC1EAD9-A749-48B8-979E-1896736CB790}"
EndProject
Global
	GlobalSection(SolutionConfigurationPlatforms) = preSolution
		Debug|Any CPU = Debug|Any CPU
		Release|Any CPU = Release|Any CPU
	EndGlobalSection
	GlobalSection(ProjectConfigurationPlatforms) = postSolution
		{06F16650-D3BC-4F91-AED8-E69DD0CDD03B}.Debug|Any CPU.ActiveCfg = Debug|Any CPU
		{06F16650-D3BC-4F91-AED8-E69DD0CDD03B}.Debug|Any CPU.Build.0 = Debug|Any CPU
		{06F16650-D3BC-4F91-AED8-E69DD0CDD03B}.Release|Any CPU.ActiveCfg = Release|Any CPU
		{06F16650-D3BC-4F91-AED8-E69DD0CDD03B}.Release|Any CPU.Build.0 = Release|Any CPU
		{DCBE7DD0-CE9A-49F3-9171-F96271DE227B}.Debug|Any CPU.ActiveCfg = Debug|Any CPU
		{DCBE7DD0-CE9A-49F3-9171-F96271DE227B}.Debug|Any CPU.Build.0 = Debug|Any CPU
		{DCBE7DD0-CE9A-49F3-9171-F96271DE227B}.Release|Any CPU.ActiveCfg = Release|Any CPU
		{DCBE7DD0-CE9A-49F3-9171-F96271DE227B}.Release|Any CPU.Build.0 = Release|Any CPU
		{25DB6EA7-8ED1-4428-BC22-FB01EF7163A5}.Debug|Any CPU.ActiveCfg = Debug|Any CPU
		{25DB6EA7-8ED1-4428-BC22-FB01EF7163A5}.Debug|Any CPU.Build.0 = Debug|Any CPU
		{25DB6EA7-8ED1-4428-BC22-FB01EF7163A5}.Release|Any CPU.ActiveCfg = Release|Any CPU
		{25DB6EA7-8ED1-4428-BC22-FB01EF7163A5}.Release|Any CPU.Build.0 = Release|Any CPU
		{4C612245-E4ED-4E26-BA63-6873F7FAE1CF}.Debug|Any CPU.ActiveCfg = Debug|Any CPU
		{4C612245-E4ED-4E26-BA63-6873F7FAE1CF}.Debug|Any CPU.Build.0 = Debug|Any CPU
		{4C612245-E4ED-4E26-BA63-6873F7FAE1CF}.Release|Any CPU.ActiveCfg = Release|Any CPU
		{4C612245-E4ED-4E26-BA63-6873F7FAE1CF}.Release|Any CPU.Build.0 = Release|Any CPU
		{3BC1EAD9-A749-48B8-979E-1896736CB790}.Debug|Any CPU.ActiveCfg = Debug|Any CPU
		{3BC1EAD9-A749-48B8-979E-1896736CB790}.Debug|Any CPU.Build.0 = Debug|Any CPU
		{3BC1EAD9-A749-48B8-979E-1896736CB790}.Release|Any CPU.ActiveCfg = Release|Any CPU
		{3BC1EAD9-A749-48B8-979E-1896736CB790}.Release|Any CPU.Build.0 = Release|Any CPU
	EndGlobalSection
	GlobalSection(SolutionProperties) = preSolution
		HideSolutionNode = FALSE
	EndGlobalSection
EndGlobal
