
Microsoft Visual Studio Solution File, Format Version 12.00
# Visual Studio 2012
Project("{FAE04EC0-301F-11D3-BF4B-00C04F79EFBC}") = "PriorityQueue", "PriorityQueue\PriorityQueue.csproj", "{C9344C4B-ABE4-4099-B147-B85673C8778B}"
EndProject
Project("{FAE04EC0-301F-11D3-BF4B-00C04F79EFBC}") = "BinaryHeapDemo", "BinaryHeapDemo\BinaryHeapDemo.csproj", "{0AFA0C44-68B2-4734-91C3-CAD19ABAAE98}"
EndProject
Project("{FAE04EC0-301F-11D3-BF4B-00C04F79EFBC}") = "PQ", "PQ.cs\PQ.csproj", "{D3E3DAAF-1646-44F2-8D06-E167D7B5BF7C}"
EndProject
Global
	GlobalSection(SolutionConfigurationPlatforms) = preSolution
		Debug|Any CPU = Debug|Any CPU
		Release|Any CPU = Release|Any CPU
	EndGlobalSection
	GlobalSection(ProjectConfigurationPlatforms) = postSolution
		{C9344C4B-ABE4-4099-B147-B85673C8778B}.Debug|Any CPU.ActiveCfg = Debug|Any CPU
		{C9344C4B-ABE4-4099-B147-B85673C8778B}.Debug|Any CPU.Build.0 = Debug|Any CPU
		{C9344C4B-ABE4-4099-B147-B85673C8778B}.Release|Any CPU.ActiveCfg = Release|Any CPU
		{C9344C4B-ABE4-4099-B147-B85673C8778B}.Release|Any CPU.Build.0 = Release|Any CPU
		{0AFA0C44-68B2-4734-91C3-CAD19ABAAE98}.Debug|Any CPU.ActiveCfg = Debug|Any CPU
		{0AFA0C44-68B2-4734-91C3-CAD19ABAAE98}.Debug|Any CPU.Build.0 = Debug|Any CPU
		{0AFA0C44-68B2-4734-91C3-CAD19ABAAE98}.Release|Any CPU.ActiveCfg = Release|Any CPU
		{0AFA0C44-68B2-4734-91C3-CAD19ABAAE98}.Release|Any CPU.Build.0 = Release|Any CPU
		{D3E3DAAF-1646-44F2-8D06-E167D7B5BF7C}.Debug|Any CPU.ActiveCfg = Debug|Any CPU
		{D3E3DAAF-1646-44F2-8D06-E167D7B5BF7C}.Debug|Any CPU.Build.0 = Debug|Any CPU
		{D3E3DAAF-1646-44F2-8D06-E167D7B5BF7C}.Release|Any CPU.ActiveCfg = Release|Any CPU
		{D3E3DAAF-1646-44F2-8D06-E167D7B5BF7C}.Release|Any CPU.Build.0 = Release|Any CPU
	EndGlobalSection
	GlobalSection(SolutionProperties) = preSolution
		HideSolutionNode = FALSE
	EndGlobalSection
EndGlobal
