
Microsoft Visual Studio Solution File, Format Version 12.00
# Visual Studio 2012
Project("{FAE04EC0-301F-11D3-BF4B-00C04F79EFBC}") = "01.RefactoringClass", "01.RefactoringClass\01.RefactoringClass.csproj", "{AEFB6592-8769-419B-A33F-EB0380019BFD}"
EndProject
Project("{FAE04EC0-301F-11D3-BF4B-00C04F79EFBC}") = "02.RefactoringFunctionPrintStatistics", "02.RefactoringFunctionPrintStatistics\02.RefactoringFunctionPrintStatistics.csproj", "{239CB074-40B5-4BB4-84B6-9CAB12003B77}"
EndProject
Global
	GlobalSection(SolutionConfigurationPlatforms) = preSolution
		Debug|Any CPU = Debug|Any CPU
		Release|Any CPU = Release|Any CPU
	EndGlobalSection
	GlobalSection(ProjectConfigurationPlatforms) = postSolution
		{AEFB6592-8769-419B-A33F-EB0380019BFD}.Debug|Any CPU.ActiveCfg = Debug|Any CPU
		{AEFB6592-8769-419B-A33F-EB0380019BFD}.Debug|Any CPU.Build.0 = Debug|Any CPU
		{AEFB6592-8769-419B-A33F-EB0380019BFD}.Release|Any CPU.ActiveCfg = Release|Any CPU
		{AEFB6592-8769-419B-A33F-EB0380019BFD}.Release|Any CPU.Build.0 = Release|Any CPU
		{239CB074-40B5-4BB4-84B6-9CAB12003B77}.Debug|Any CPU.ActiveCfg = Debug|Any CPU
		{239CB074-40B5-4BB4-84B6-9CAB12003B77}.Debug|Any CPU.Build.0 = Debug|Any CPU
		{239CB074-40B5-4BB4-84B6-9CAB12003B77}.Release|Any CPU.ActiveCfg = Release|Any CPU
		{239CB074-40B5-4BB4-84B6-9CAB12003B77}.Release|Any CPU.Build.0 = Release|Any CPU
	EndGlobalSection
	GlobalSection(SolutionProperties) = preSolution
		HideSolutionNode = FALSE
	EndGlobalSection
EndGlobal
