
Microsoft Visual Studio Solution File, Format Version 12.00
# Visual Studio 2012
Project("{E24C65DC-7377-472B-9ABA-BC803B73C61A}") = "01.StudentsAndTeachers", "..\01.StudentsAndTeachers\", "{7EDC491F-D310-4A23-B5DF-E257F116C8AF}"
	ProjectSection(WebsiteProperties) = preProject
		TargetFrameworkMoniker = ".NETFramework,Version%3Dv4.5"
		Debug.AspNetCompiler.VirtualPath = "/01.StudentsAndTeachers"
		Debug.AspNetCompiler.PhysicalPath = "..\01.StudentsAndTeachers\"
		Debug.AspNetCompiler.TargetPath = "PrecompiledWeb\01.StudentsAndTeachers\"
		Debug.AspNetCompiler.Updateable = "true"
		Debug.AspNetCompiler.ForceOverwrite = "true"
		Debug.AspNetCompiler.FixedNames = "false"
		Debug.AspNetCompiler.Debug = "True"
		Release.AspNetCompiler.VirtualPath = "/01.StudentsAndTeachers"
		Release.AspNetCompiler.PhysicalPath = "..\01.StudentsAndTeachers\"
		Release.AspNetCompiler.TargetPath = "PrecompiledWeb\01.StudentsAndTeachers\"
		Release.AspNetCompiler.Updateable = "true"
		Release.AspNetCompiler.ForceOverwrite = "true"
		Release.AspNetCompiler.FixedNames = "false"
		Release.AspNetCompiler.Debug = "False"
		VWDPort = "4906"
	EndProjectSection
EndProject
Project("{E24C65DC-7377-472B-9ABA-BC803B73C61A}") = "03.ImageSlider", "http://localhost:2530", "{052C0F84-CD0A-4385-8F86-AE51DACC0803}"
	ProjectSection(WebsiteProperties) = preProject
		UseIISExpress = "true"
		TargetFrameworkMoniker = ".NETFramework,Version%3Dv4.5"
		Debug.AspNetCompiler.VirtualPath = "/localhost_2530"
		Debug.AspNetCompiler.PhysicalPath = "..\03.ImageSlider\"
		Debug.AspNetCompiler.TargetPath = "PrecompiledWeb\localhost_2530\"
		Debug.AspNetCompiler.Updateable = "true"
		Debug.AspNetCompiler.ForceOverwrite = "true"
		Debug.AspNetCompiler.FixedNames = "false"
		Debug.AspNetCompiler.Debug = "True"
		Release.AspNetCompiler.VirtualPath = "/localhost_2530"
		Release.AspNetCompiler.PhysicalPath = "..\03.ImageSlider\"
		Release.AspNetCompiler.TargetPath = "PrecompiledWeb\localhost_2530\"
		Release.AspNetCompiler.Updateable = "true"
		Release.AspNetCompiler.ForceOverwrite = "true"
		Release.AspNetCompiler.FixedNames = "false"
		Release.AspNetCompiler.Debug = "False"
		SlnRelativePath = "..\03.ImageSlider\"
		DefaultWebSiteLanguage = "Visual C#"
	EndProjectSection
EndProject
Project("{E24C65DC-7377-472B-9ABA-BC803B73C61A}") = "04.SideBarFavourites", "http://localhost:23701", "{31AE0507-A4C4-47D1-99BF-EE1226429D7A}"
	ProjectSection(WebsiteProperties) = preProject
		UseIISExpress = "true"
		TargetFrameworkMoniker = ".NETFramework,Version%3Dv4.5"
		Debug.AspNetCompiler.VirtualPath = "/localhost_23701"
		Debug.AspNetCompiler.PhysicalPath = "..\04.SideBarFavourites\"
		Debug.AspNetCompiler.TargetPath = "PrecompiledWeb\localhost_23701\"
		Debug.AspNetCompiler.Updateable = "true"
		Debug.AspNetCompiler.ForceOverwrite = "true"
		Debug.AspNetCompiler.FixedNames = "false"
		Debug.AspNetCompiler.Debug = "True"
		Release.AspNetCompiler.VirtualPath = "/localhost_23701"
		Release.AspNetCompiler.PhysicalPath = "..\04.SideBarFavourites\"
		Release.AspNetCompiler.TargetPath = "PrecompiledWeb\localhost_23701\"
		Release.AspNetCompiler.Updateable = "true"
		Release.AspNetCompiler.ForceOverwrite = "true"
		Release.AspNetCompiler.FixedNames = "false"
		Release.AspNetCompiler.Debug = "False"
		SlnRelativePath = "..\04.SideBarFavourites\"
		DefaultWebSiteLanguage = "Visual C#"
	EndProjectSection
EndProject
Global
	GlobalSection(SolutionConfigurationPlatforms) = preSolution
		Debug|Any CPU = Debug|Any CPU
	EndGlobalSection
	GlobalSection(ProjectConfigurationPlatforms) = postSolution
		{7EDC491F-D310-4A23-B5DF-E257F116C8AF}.Debug|Any CPU.ActiveCfg = Debug|Any CPU
		{7EDC491F-D310-4A23-B5DF-E257F116C8AF}.Debug|Any CPU.Build.0 = Debug|Any CPU
		{052C0F84-CD0A-4385-8F86-AE51DACC0803}.Debug|Any CPU.ActiveCfg = Debug|Any CPU
		{052C0F84-CD0A-4385-8F86-AE51DACC0803}.Debug|Any CPU.Build.0 = Debug|Any CPU
		{31AE0507-A4C4-47D1-99BF-EE1226429D7A}.Debug|Any CPU.ActiveCfg = Debug|Any CPU
		{31AE0507-A4C4-47D1-99BF-EE1226429D7A}.Debug|Any CPU.Build.0 = Debug|Any CPU
	EndGlobalSection
	GlobalSection(SolutionProperties) = preSolution
		HideSolutionNode = FALSE
	EndGlobalSection
EndGlobal
