
Microsoft Visual Studio Solution File, Format Version 12.00
# Visual Studio 2012
Project("{E24C65DC-7377-472B-9ABA-BC803B73C61A}") = "jQeryTreeviewPlugin", "http://localhost:31332", "{A255F328-DA19-4D73-AE9C-87D5A0798A6A}"
	ProjectSection(WebsiteProperties) = preProject
		UseIISExpress = "true"
		TargetFrameworkMoniker = ".NETFramework,Version%3Dv4.5"
		Debug.AspNetCompiler.VirtualPath = "/localhost_31332"
		Debug.AspNetCompiler.PhysicalPath = "jQeryTreeviewPlugin\"
		Debug.AspNetCompiler.TargetPath = "PrecompiledWeb\localhost_31332\"
		Debug.AspNetCompiler.Updateable = "true"
		Debug.AspNetCompiler.ForceOverwrite = "true"
		Debug.AspNetCompiler.FixedNames = "false"
		Debug.AspNetCompiler.Debug = "True"
		Release.AspNetCompiler.VirtualPath = "/localhost_31332"
		Release.AspNetCompiler.PhysicalPath = "jQeryTreeviewPlugin\"
		Release.AspNetCompiler.TargetPath = "PrecompiledWeb\localhost_31332\"
		Release.AspNetCompiler.Updateable = "true"
		Release.AspNetCompiler.ForceOverwrite = "true"
		Release.AspNetCompiler.FixedNames = "false"
		Release.AspNetCompiler.Debug = "False"
		SlnRelativePath = "jQeryTreeviewPlugin\"
		DefaultWebSiteLanguage = "Visual C#"
	EndProjectSection
EndProject
Global
	GlobalSection(SolutionConfigurationPlatforms) = preSolution
		Debug|Any CPU = Debug|Any CPU
	EndGlobalSection
	GlobalSection(ProjectConfigurationPlatforms) = postSolution
		{A255F328-DA19-4D73-AE9C-87D5A0798A6A}.Debug|Any CPU.ActiveCfg = Debug|Any CPU
		{A255F328-DA19-4D73-AE9C-87D5A0798A6A}.Debug|Any CPU.Build.0 = Debug|Any CPU
	EndGlobalSection
	GlobalSection(SolutionProperties) = preSolution
		HideSolutionNode = FALSE
	EndGlobalSection
EndGlobal
